// !$*UTF8*$!
{
	archiveVersion = 1;
	classes = {
	};
	objectVersion = 46;
	objects = {

/* Begin PBXBuildFile section */
		38D0D9861CB4CE800099CC54 /* main.m in Sources */ = {isa = PBXBuildFile; fileRef = 38D0D9851CB4CE800099CC54 /* main.m */; };
		38D0D9891CB4CE800099CC54 /* AppDelegate.m in Sources */ = {isa = PBXBuildFile; fileRef = 38D0D9881CB4CE800099CC54 /* AppDelegate.m */; };
		38D0D9911CB4CE800099CC54 /* Assets.xcassets in Resources */ = {isa = PBXBuildFile; fileRef = 38D0D9901CB4CE800099CC54 /* Assets.xcassets */; };
		38D0D9941CB4CE800099CC54 /* LaunchScreen.storyboard in Resources */ = {isa = PBXBuildFile; fileRef = 38D0D9921CB4CE800099CC54 /* LaunchScreen.storyboard */; };
		38D0D9E51CB4CFB30099CC54 /* Database.m in Sources */ = {isa = PBXBuildFile; fileRef = 38D0D9A01CB4CFB30099CC54 /* Database.m */; };
		38D0D9E61CB4CFB30099CC54 /* MBProgressHUD.m in Sources */ = {isa = PBXBuildFile; fileRef = 38D0D9A41CB4CFB30099CC54 /* MBProgressHUD.m */; };
		38D0D9E71CB4CFB30099CC54 /* MKAnnotationView+WebCache.m in Sources */ = {isa = PBXBuildFile; fileRef = 38D0D9A71CB4CFB30099CC54 /* MKAnnotationView+WebCache.m */; };
		38D0D9E81CB4CFB30099CC54 /* NSData+GIF.m in Sources */ = {isa = PBXBuildFile; fileRef = 38D0D9A91CB4CFB30099CC54 /* NSData+GIF.m */; };
		38D0D9E91CB4CFB30099CC54 /* SDImageCache.m in Sources */ = {isa = PBXBuildFile; fileRef = 38D0D9AB1CB4CFB30099CC54 /* SDImageCache.m */; };
		38D0D9EA1CB4CFB30099CC54 /* SDWebImageCompat.m in Sources */ = {isa = PBXBuildFile; fileRef = 38D0D9AD1CB4CFB30099CC54 /* SDWebImageCompat.m */; };
		38D0D9EB1CB4CFB30099CC54 /* SDWebImageDecoder.m in Sources */ = {isa = PBXBuildFile; fileRef = 38D0D9AF1CB4CFB30099CC54 /* SDWebImageDecoder.m */; };
		38D0D9EC1CB4CFB30099CC54 /* SDWebImageDownloader.m in Sources */ = {isa = PBXBuildFile; fileRef = 38D0D9B11CB4CFB30099CC54 /* SDWebImageDownloader.m */; };
		38D0D9ED1CB4CFB30099CC54 /* SDWebImageDownloaderOperation.m in Sources */ = {isa = PBXBuildFile; fileRef = 38D0D9B31CB4CFB30099CC54 /* SDWebImageDownloaderOperation.m */; };
		38D0D9EE1CB4CFB30099CC54 /* SDWebImageManager.m in Sources */ = {isa = PBXBuildFile; fileRef = 38D0D9B51CB4CFB30099CC54 /* SDWebImageManager.m */; };
		38D0D9EF1CB4CFB30099CC54 /* SDWebImagePrefetcher.m in Sources */ = {isa = PBXBuildFile; fileRef = 38D0D9B81CB4CFB30099CC54 /* SDWebImagePrefetcher.m */; };
		38D0D9F01CB4CFB30099CC54 /* UIButton+WebCache.m in Sources */ = {isa = PBXBuildFile; fileRef = 38D0D9BA1CB4CFB30099CC54 /* UIButton+WebCache.m */; };
		38D0D9F11CB4CFB30099CC54 /* UIImage+GIF.m in Sources */ = {isa = PBXBuildFile; fileRef = 38D0D9BC1CB4CFB30099CC54 /* UIImage+GIF.m */; };
		38D0D9F21CB4CFB30099CC54 /* UIImage+MultiFormat.m in Sources */ = {isa = PBXBuildFile; fileRef = 38D0D9BE1CB4CFB30099CC54 /* UIImage+MultiFormat.m */; };
		38D0D9F31CB4CFB30099CC54 /* UIImage+WebP.m in Sources */ = {isa = PBXBuildFile; fileRef = 38D0D9C01CB4CFB30099CC54 /* UIImage+WebP.m */; };
		38D0D9F41CB4CFB30099CC54 /* UIImageView+WebCache.m in Sources */ = {isa = PBXBuildFile; fileRef = 38D0D9C21CB4CFB30099CC54 /* UIImageView+WebCache.m */; };
		38D0D9F51CB4CFB30099CC54 /* TPKeyboardAvoidingCollectionView.m in Sources */ = {isa = PBXBuildFile; fileRef = 38D0D9C51CB4CFB30099CC54 /* TPKeyboardAvoidingCollectionView.m */; };
		38D0D9F61CB4CFB30099CC54 /* TPKeyboardAvoidingScrollView.m in Sources */ = {isa = PBXBuildFile; fileRef = 38D0D9C71CB4CFB30099CC54 /* TPKeyboardAvoidingScrollView.m */; };
		38D0D9F71CB4CFB30099CC54 /* TPKeyboardAvoidingTableView.m in Sources */ = {isa = PBXBuildFile; fileRef = 38D0D9C91CB4CFB30099CC54 /* TPKeyboardAvoidingTableView.m */; };
		38D0D9F81CB4CFB30099CC54 /* UIScrollView+TPKeyboardAvoidingAdditions.m in Sources */ = {isa = PBXBuildFile; fileRef = 38D0D9CB1CB4CFB30099CC54 /* UIScrollView+TPKeyboardAvoidingAdditions.m */; };
		38D0D9F91CB4CFB30099CC54 /* AFHTTPRequestOperation.m in Sources */ = {isa = PBXBuildFile; fileRef = 38D0D9CF1CB4CFB30099CC54 /* AFHTTPRequestOperation.m */; };
		38D0D9FA1CB4CFB30099CC54 /* AFHTTPRequestOperationManager.m in Sources */ = {isa = PBXBuildFile; fileRef = 38D0D9D11CB4CFB30099CC54 /* AFHTTPRequestOperationManager.m */; };
		38D0D9FB1CB4CFB30099CC54 /* AFHTTPSessionManager.m in Sources */ = {isa = PBXBuildFile; fileRef = 38D0D9D31CB4CFB30099CC54 /* AFHTTPSessionManager.m */; };
		38D0D9FC1CB4CFB30099CC54 /* AFNetworkReachabilityManager.m in Sources */ = {isa = PBXBuildFile; fileRef = 38D0D9D61CB4CFB30099CC54 /* AFNetworkReachabilityManager.m */; };
		38D0D9FD1CB4CFB30099CC54 /* AFSecurityPolicy.m in Sources */ = {isa = PBXBuildFile; fileRef = 38D0D9D81CB4CFB30099CC54 /* AFSecurityPolicy.m */; };
		38D0D9FE1CB4CFB30099CC54 /* AFURLConnectionOperation.m in Sources */ = {isa = PBXBuildFile; fileRef = 38D0D9DA1CB4CFB30099CC54 /* AFURLConnectionOperation.m */; };
		38D0D9FF1CB4CFB30099CC54 /* AFURLRequestSerialization.m in Sources */ = {isa = PBXBuildFile; fileRef = 38D0D9DC1CB4CFB30099CC54 /* AFURLRequestSerialization.m */; };
		38D0DA001CB4CFB30099CC54 /* AFURLResponseSerialization.m in Sources */ = {isa = PBXBuildFile; fileRef = 38D0D9DE1CB4CFB30099CC54 /* AFURLResponseSerialization.m */; };
		38D0DA011CB4CFB30099CC54 /* AFURLSessionManager.m in Sources */ = {isa = PBXBuildFile; fileRef = 38D0D9E01CB4CFB30099CC54 /* AFURLSessionManager.m */; };
		38D0DA021CB4CFB30099CC54 /* Reachability.m in Sources */ = {isa = PBXBuildFile; fileRef = 38D0D9E21CB4CFB30099CC54 /* Reachability.m */; };
		38D0DA031CB4CFB30099CC54 /* WebService.m in Sources */ = {isa = PBXBuildFile; fileRef = 38D0D9E41CB4CFB30099CC54 /* WebService.m */; };
		38D0DA091CB4D0420099CC54 /* HomeVC.m in Sources */ = {isa = PBXBuildFile; fileRef = 38D0DA071CB4D0420099CC54 /* HomeVC.m */; };
		38D0DA0A1CB4D0420099CC54 /* HomeVC.xib in Resources */ = {isa = PBXBuildFile; fileRef = 38D0DA081CB4D0420099CC54 /* HomeVC.xib */; };
		38D0DA0C1CB4D09E0099CC54 /* libsqlite3.tbd in Frameworks */ = {isa = PBXBuildFile; fileRef = 38D0DA0B1CB4D09E0099CC54 /* libsqlite3.tbd */; };
/* End PBXBuildFile section */

/* Begin PBXFileReference section */
		38D0D9811CB4CE800099CC54 /* MapDemo.app */ = {isa = PBXFileReference; explicitFileType = wrapper.application; includeInIndex = 0; path = MapDemo.app; sourceTree = BUILT_PRODUCTS_DIR; };
		38D0D9851CB4CE800099CC54 /* main.m */ = {isa = PBXFileReference; lastKnownFileType = sourcecode.c.objc; path = main.m; sourceTree = "<group>"; };
		38D0D9871CB4CE800099CC54 /* AppDelegate.h */ = {isa = PBXFileReference; lastKnownFileType = sourcecode.c.h; path = AppDelegate.h; sourceTree = "<group>"; };
		38D0D9881CB4CE800099CC54 /* AppDelegate.m */ = {isa = PBXFileReference; lastKnownFileType = sourcecode.c.objc; path = AppDelegate.m; sourceTree = "<group>"; };
		38D0D9901CB4CE800099CC54 /* Assets.xcassets */ = {isa = PBXFileReference; lastKnownFileType = folder.assetcatalog; path = Assets.xcassets; sourceTree = "<group>"; };
		38D0D9931CB4CE800099CC54 /* Base */ = {isa = PBXFileReference; lastKnownFileType = file.storyboard; name = Base; path = Base.lproj/LaunchScreen.storyboard; sourceTree = "<group>"; };
		38D0D9951CB4CE800099CC54 /* Info.plist */ = {isa = PBXFileReference; lastKnownFileType = text.plist.xml; path = Info.plist; sourceTree = "<group>"; };
		38D0D99B1CB4CEE70099CC54 /* MapDemo.pch */ = {isa = PBXFileReference; fileEncoding = 4; lastKnownFileType = sourcecode.c.h; path = MapDemo.pch; sourceTree = "<group>"; };
		38D0D99F1CB4CFB30099CC54 /* Database.h */ = {isa = PBXFileReference; fileEncoding = 4; lastKnownFileType = sourcecode.c.h; path = Database.h; sourceTree = "<group>"; };
		38D0D9A01CB4CFB30099CC54 /* Database.m */ = {isa = PBXFileReference; fileEncoding = 4; lastKnownFileType = sourcecode.c.objc; path = Database.m; sourceTree = "<group>"; };
		38D0D9A11CB4CFB30099CC54 /* defines.h */ = {isa = PBXFileReference; fileEncoding = 4; lastKnownFileType = sourcecode.c.h; path = defines.h; sourceTree = "<group>"; };
		38D0D9A31CB4CFB30099CC54 /* MBProgressHUD.h */ = {isa = PBXFileReference; fileEncoding = 4; lastKnownFileType = sourcecode.c.h; path = MBProgressHUD.h; sourceTree = "<group>"; };
		38D0D9A41CB4CFB30099CC54 /* MBProgressHUD.m */ = {isa = PBXFileReference; fileEncoding = 4; lastKnownFileType = sourcecode.c.objc; path = MBProgressHUD.m; sourceTree = "<group>"; };
		38D0D9A61CB4CFB30099CC54 /* MKAnnotationView+WebCache.h */ = {isa = PBXFileReference; fileEncoding = 4; lastKnownFileType = sourcecode.c.h; path = "MKAnnotationView+WebCache.h"; sourceTree = "<group>"; };
		38D0D9A71CB4CFB30099CC54 /* MKAnnotationView+WebCache.m */ = {isa = PBXFileReference; fileEncoding = 4; lastKnownFileType = sourcecode.c.objc; path = "MKAnnotationView+WebCache.m"; sourceTree = "<group>"; };
		38D0D9A81CB4CFB30099CC54 /* NSData+GIF.h */ = {isa = PBXFileReference; fileEncoding = 4; lastKnownFileType = sourcecode.c.h; path = "NSData+GIF.h"; sourceTree = "<group>"; };
		38D0D9A91CB4CFB30099CC54 /* NSData+GIF.m */ = {isa = PBXFileReference; fileEncoding = 4; lastKnownFileType = sourcecode.c.objc; path = "NSData+GIF.m"; sourceTree = "<group>"; };
		38D0D9AA1CB4CFB30099CC54 /* SDImageCache.h */ = {isa = PBXFileReference; fileEncoding = 4; lastKnownFileType = sourcecode.c.h; path = SDImageCache.h; sourceTree = "<group>"; };
		38D0D9AB1CB4CFB30099CC54 /* SDImageCache.m */ = {isa = PBXFileReference; fileEncoding = 4; lastKnownFileType = sourcecode.c.objc; path = SDImageCache.m; sourceTree = "<group>"; };
		38D0D9AC1CB4CFB30099CC54 /* SDWebImageCompat.h */ = {isa = PBXFileReference; fileEncoding = 4; lastKnownFileType = sourcecode.c.h; path = SDWebImageCompat.h; sourceTree = "<group>"; };
		38D0D9AD1CB4CFB30099CC54 /* SDWebImageCompat.m */ = {isa = PBXFileReference; fileEncoding = 4; lastKnownFileType = sourcecode.c.objc; path = SDWebImageCompat.m; sourceTree = "<group>"; };
		38D0D9AE1CB4CFB30099CC54 /* SDWebImageDecoder.h */ = {isa = PBXFileReference; fileEncoding = 4; lastKnownFileType = sourcecode.c.h; path = SDWebImageDecoder.h; sourceTree = "<group>"; };
		38D0D9AF1CB4CFB30099CC54 /* SDWebImageDecoder.m */ = {isa = PBXFileReference; fileEncoding = 4; lastKnownFileType = sourcecode.c.objc; path = SDWebImageDecoder.m; sourceTree = "<group>"; };
		38D0D9B01CB4CFB30099CC54 /* SDWebImageDownloader.h */ = {isa = PBXFileReference; fileEncoding = 4; lastKnownFileType = sourcecode.c.h; path = SDWebImageDownloader.h; sourceTree = "<group>"; };
		38D0D9B11CB4CFB30099CC54 /* SDWebImageDownloader.m */ = {isa = PBXFileReference; fileEncoding = 4; lastKnownFileType = sourcecode.c.objc; path = SDWebImageDownloader.m; sourceTree = "<group>"; };
		38D0D9B21CB4CFB30099CC54 /* SDWebImageDownloaderOperation.h */ = {isa = PBXFileReference; fileEncoding = 4; lastKnownFileType = sourcecode.c.h; path = SDWebImageDownloaderOperation.h; sourceTree = "<group>"; };
		38D0D9B31CB4CFB30099CC54 /* SDWebImageDownloaderOperation.m */ = {isa = PBXFileReference; fileEncoding = 4; lastKnownFileType = sourcecode.c.objc; path = SDWebImageDownloaderOperation.m; sourceTree = "<group>"; };
		38D0D9B41CB4CFB30099CC54 /* SDWebImageManager.h */ = {isa = PBXFileReference; fileEncoding = 4; lastKnownFileType = sourcecode.c.h; path = SDWebImageManager.h; sourceTree = "<group>"; };
		38D0D9B51CB4CFB30099CC54 /* SDWebImageManager.m */ = {isa = PBXFileReference; fileEncoding = 4; lastKnownFileType = sourcecode.c.objc; path = SDWebImageManager.m; sourceTree = "<group>"; };
		38D0D9B61CB4CFB30099CC54 /* SDWebImageOperation.h */ = {isa = PBXFileReference; fileEncoding = 4; lastKnownFileType = sourcecode.c.h; path = SDWebImageOperation.h; sourceTree = "<group>"; };
		38D0D9B71CB4CFB30099CC54 /* SDWebImagePrefetcher.h */ = {isa = PBXFileReference; fileEncoding = 4; lastKnownFileType = sourcecode.c.h; path = SDWebImagePrefetcher.h; sourceTree = "<group>"; };
		38D0D9B81CB4CFB30099CC54 /* SDWebImagePrefetcher.m */ = {isa = PBXFileReference; fileEncoding = 4; lastKnownFileType = sourcecode.c.objc; path = SDWebImagePrefetcher.m; sourceTree = "<group>"; };
		38D0D9B91CB4CFB30099CC54 /* UIButton+WebCache.h */ = {isa = PBXFileReference; fileEncoding = 4; lastKnownFileType = sourcecode.c.h; path = "UIButton+WebCache.h"; sourceTree = "<group>"; };
		38D0D9BA1CB4CFB30099CC54 /* UIButton+WebCache.m */ = {isa = PBXFileReference; fileEncoding = 4; lastKnownFileType = sourcecode.c.objc; path = "UIButton+WebCache.m"; sourceTree = "<group>"; };
		38D0D9BB1CB4CFB30099CC54 /* UIImage+GIF.h */ = {isa = PBXFileReference; fileEncoding = 4; lastKnownFileType = sourcecode.c.h; path = "UIImage+GIF.h"; sourceTree = "<group>"; };
		38D0D9BC1CB4CFB30099CC54 /* UIImage+GIF.m */ = {isa = PBXFileReference; fileEncoding = 4; lastKnownFileType = sourcecode.c.objc; path = "UIImage+GIF.m"; sourceTree = "<group>"; };
		38D0D9BD1CB4CFB30099CC54 /* UIImage+MultiFormat.h */ = {isa = PBXFileReference; fileEncoding = 4; lastKnownFileType = sourcecode.c.h; path = "UIImage+MultiFormat.h"; sourceTree = "<group>"; };
		38D0D9BE1CB4CFB30099CC54 /* UIImage+MultiFormat.m */ = {isa = PBXFileReference; fileEncoding = 4; lastKnownFileType = sourcecode.c.objc; path = "UIImage+MultiFormat.m"; sourceTree = "<group>"; };
		38D0D9BF1CB4CFB30099CC54 /* UIImage+WebP.h */ = {isa = PBXFileReference; fileEncoding = 4; lastKnownFileType = sourcecode.c.h; path = "UIImage+WebP.h"; sourceTree = "<group>"; };
		38D0D9C01CB4CFB30099CC54 /* UIImage+WebP.m */ = {isa = PBXFileReference; fileEncoding = 4; lastKnownFileType = sourcecode.c.objc; path = "UIImage+WebP.m"; sourceTree = "<group>"; };
		38D0D9C11CB4CFB30099CC54 /* UIImageView+WebCache.h */ = {isa = PBXFileReference; fileEncoding = 4; lastKnownFileType = sourcecode.c.h; path = "UIImageView+WebCache.h"; sourceTree = "<group>"; };
		38D0D9C21CB4CFB30099CC54 /* UIImageView+WebCache.m */ = {isa = PBXFileReference; fileEncoding = 4; lastKnownFileType = sourcecode.c.objc; path = "UIImageView+WebCache.m"; sourceTree = "<group>"; };
		38D0D9C41CB4CFB30099CC54 /* TPKeyboardAvoidingCollectionView.h */ = {isa = PBXFileReference; fileEncoding = 4; lastKnownFileType = sourcecode.c.h; path = TPKeyboardAvoidingCollectionView.h; sourceTree = "<group>"; };
		38D0D9C51CB4CFB30099CC54 /* TPKeyboardAvoidingCollectionView.m */ = {isa = PBXFileReference; fileEncoding = 4; lastKnownFileType = sourcecode.c.objc; path = TPKeyboardAvoidingCollectionView.m; sourceTree = "<group>"; };
		38D0D9C61CB4CFB30099CC54 /* TPKeyboardAvoidingScrollView.h */ = {isa = PBXFileReference; fileEncoding = 4; lastKnownFileType = sourcecode.c.h; path = TPKeyboardAvoidingScrollView.h; sourceTree = "<group>"; };
		38D0D9C71CB4CFB30099CC54 /* TPKeyboardAvoidingScrollView.m */ = {isa = PBXFileReference; fileEncoding = 4; lastKnownFileType = sourcecode.c.objc; path = TPKeyboardAvoidingScrollView.m; sourceTree = "<group>"; };
		38D0D9C81CB4CFB30099CC54 /* TPKeyboardAvoidingTableView.h */ = {isa = PBXFileReference; fileEncoding = 4; lastKnownFileType = sourcecode.c.h; path = TPKeyboardAvoidingTableView.h; sourceTree = "<group>"; };
		38D0D9C91CB4CFB30099CC54 /* TPKeyboardAvoidingTableView.m */ = {isa = PBXFileReference; fileEncoding = 4; lastKnownFileType = sourcecode.c.objc; path = TPKeyboardAvoidingTableView.m; sourceTree = "<group>"; };
		38D0D9CA1CB4CFB30099CC54 /* UIScrollView+TPKeyboardAvoidingAdditions.h */ = {isa = PBXFileReference; fileEncoding = 4; lastKnownFileType = sourcecode.c.h; path = "UIScrollView+TPKeyboardAvoidingAdditions.h"; sourceTree = "<group>"; };
		38D0D9CB1CB4CFB30099CC54 /* UIScrollView+TPKeyboardAvoidingAdditions.m */ = {isa = PBXFileReference; fileEncoding = 4; lastKnownFileType = sourcecode.c.objc; path = "UIScrollView+TPKeyboardAvoidingAdditions.m"; sourceTree = "<group>"; };
		38D0D9CE1CB4CFB30099CC54 /* AFHTTPRequestOperation.h */ = {isa = PBXFileReference; fileEncoding = 4; lastKnownFileType = sourcecode.c.h; path = AFHTTPRequestOperation.h; sourceTree = "<group>"; };
		38D0D9CF1CB4CFB30099CC54 /* AFHTTPRequestOperation.m */ = {isa = PBXFileReference; fileEncoding = 4; lastKnownFileType = sourcecode.c.objc; path = AFHTTPRequestOperation.m; sourceTree = "<group>"; };
		38D0D9D01CB4CFB30099CC54 /* AFHTTPRequestOperationManager.h */ = {isa = PBXFileReference; fileEncoding = 4; lastKnownFileType = sourcecode.c.h; path = AFHTTPRequestOperationManager.h; sourceTree = "<group>"; };
		38D0D9D11CB4CFB30099CC54 /* AFHTTPRequestOperationManager.m */ = {isa = PBXFileReference; fileEncoding = 4; lastKnownFileType = sourcecode.c.objc; path = AFHTTPRequestOperationManager.m; sourceTree = "<group>"; };
		38D0D9D21CB4CFB30099CC54 /* AFHTTPSessionManager.h */ = {isa = PBXFileReference; fileEncoding = 4; lastKnownFileType = sourcecode.c.h; path = AFHTTPSessionManager.h; sourceTree = "<group>"; };
		38D0D9D31CB4CFB30099CC54 /* AFHTTPSessionManager.m */ = {isa = PBXFileReference; fileEncoding = 4; lastKnownFileType = sourcecode.c.objc; path = AFHTTPSessionManager.m; sourceTree = "<group>"; };
		38D0D9D41CB4CFB30099CC54 /* AFNetworking.h */ = {isa = PBXFileReference; fileEncoding = 4; lastKnownFileType = sourcecode.c.h; path = AFNetworking.h; sourceTree = "<group>"; };
		38D0D9D51CB4CFB30099CC54 /* AFNetworkReachabilityManager.h */ = {isa = PBXFileReference; fileEncoding = 4; lastKnownFileType = sourcecode.c.h; path = AFNetworkReachabilityManager.h; sourceTree = "<group>"; };
		38D0D9D61CB4CFB30099CC54 /* AFNetworkReachabilityManager.m */ = {isa = PBXFileReference; fileEncoding = 4; lastKnownFileType = sourcecode.c.objc; path = AFNetworkReachabilityManager.m; sourceTree = "<group>"; };
		38D0D9D71CB4CFB30099CC54 /* AFSecurityPolicy.h */ = {isa = PBXFileReference; fileEncoding = 4; lastKnownFileType = sourcecode.c.h; path = AFSecurityPolicy.h; sourceTree = "<group>"; };
		38D0D9D81CB4CFB30099CC54 /* AFSecurityPolicy.m */ = {isa = PBXFileReference; fileEncoding = 4; lastKnownFileType = sourcecode.c.objc; path = AFSecurityPolicy.m; sourceTree = "<group>"; };
		38D0D9D91CB4CFB30099CC54 /* AFURLConnectionOperation.h */ = {isa = PBXFileReference; fileEncoding = 4; lastKnownFileType = sourcecode.c.h; path = AFURLConnectionOperation.h; sourceTree = "<group>"; };
		38D0D9DA1CB4CFB30099CC54 /* AFURLConnectionOperation.m */ = {isa = PBXFileReference; fileEncoding = 4; lastKnownFileType = sourcecode.c.objc; path = AFURLConnectionOperation.m; sourceTree = "<group>"; };
		38D0D9DB1CB4CFB30099CC54 /* AFURLRequestSerialization.h */ = {isa = PBXFileReference; fileEncoding = 4; lastKnownFileType = sourcecode.c.h; path = AFURLRequestSerialization.h; sourceTree = "<group>"; };
		38D0D9DC1CB4CFB30099CC54 /* AFURLRequestSerialization.m */ = {isa = PBXFileReference; fileEncoding = 4; lastKnownFileType = sourcecode.c.objc; path = AFURLRequestSerialization.m; sourceTree = "<group>"; };
		38D0D9DD1CB4CFB30099CC54 /* AFURLResponseSerialization.h */ = {isa = PBXFileReference; fileEncoding = 4; lastKnownFileType = sourcecode.c.h; path = AFURLResponseSerialization.h; sourceTree = "<group>"; };
		38D0D9DE1CB4CFB30099CC54 /* AFURLResponseSerialization.m */ = {isa = PBXFileReference; fileEncoding = 4; lastKnownFileType = sourcecode.c.objc; path = AFURLResponseSerialization.m; sourceTree = "<group>"; };
		38D0D9DF1CB4CFB30099CC54 /* AFURLSessionManager.h */ = {isa = PBXFileReference; fileEncoding = 4; lastKnownFileType = sourcecode.c.h; path = AFURLSessionManager.h; sourceTree = "<group>"; };
		38D0D9E01CB4CFB30099CC54 /* AFURLSessionManager.m */ = {isa = PBXFileReference; fileEncoding = 4; lastKnownFileType = sourcecode.c.objc; path = AFURLSessionManager.m; sourceTree = "<group>"; };
		38D0D9E11CB4CFB30099CC54 /* Reachability.h */ = {isa = PBXFileReference; fileEncoding = 4; lastKnownFileType = sourcecode.c.h; path = Reachability.h; sourceTree = "<group>"; };
		38D0D9E21CB4CFB30099CC54 /* Reachability.m */ = {isa = PBXFileReference; fileEncoding = 4; lastKnownFileType = sourcecode.c.objc; path = Reachability.m; sourceTree = "<group>"; };
		38D0D9E31CB4CFB30099CC54 /* WebService.h */ = {isa = PBXFileReference; fileEncoding = 4; lastKnownFileType = sourcecode.c.h; path = WebService.h; sourceTree = "<group>"; };
		38D0D9E41CB4CFB30099CC54 /* WebService.m */ = {isa = PBXFileReference; fileEncoding = 4; lastKnownFileType = sourcecode.c.objc; path = WebService.m; sourceTree = "<group>"; };
		38D0DA061CB4D0420099CC54 /* HomeVC.h */ = {isa = PBXFileReference; fileEncoding = 4; lastKnownFileType = sourcecode.c.h; path = HomeVC.h; sourceTree = "<group>"; };
		38D0DA071CB4D0420099CC54 /* HomeVC.m */ = {isa = PBXFileReference; fileEncoding = 4; lastKnownFileType = sourcecode.c.objc; path = HomeVC.m; sourceTree = "<group>"; };
		38D0DA081CB4D0420099CC54 /* HomeVC.xib */ = {isa = PBXFileReference; fileEncoding = 4; lastKnownFileType = file.xib; path = HomeVC.xib; sourceTree = "<group>"; };
		38D0DA0B1CB4D09E0099CC54 /* libsqlite3.tbd */ = {isa = PBXFileReference; lastKnownFileType = "sourcecode.text-based-dylib-definition"; name = libsqlite3.tbd; path = usr/lib/libsqlite3.tbd; sourceTree = SDKROOT; };
/* End PBXFileReference section */

/* Begin PBXFrameworksBuildPhase section */
		38D0D97E1CB4CE800099CC54 /* Frameworks */ = {
			isa = PBXFrameworksBuildPhase;
			buildActionMask = 2147483647;
			files = (
				38D0DA0C1CB4D09E0099CC54 /* libsqlite3.tbd in Frameworks */,
			);
			runOnlyForDeploymentPostprocessing = 0;
		};
/* End PBXFrameworksBuildPhase section */

/* Begin PBXGroup section */
		38D0D9781CB4CE7F0099CC54 = {
			isa = PBXGroup;
			children = (
				38D0D99B1CB4CEE70099CC54 /* MapDemo.pch */,
				38D0D9831CB4CE800099CC54 /* MapDemo */,
				38D0D9821CB4CE800099CC54 /* Products */,
			);
			sourceTree = "<group>";
		};
		38D0D9821CB4CE800099CC54 /* Products */ = {
			isa = PBXGroup;
			children = (
				38D0D9811CB4CE800099CC54 /* MapDemo.app */,
			);
			name = Products;
			sourceTree = "<group>";
		};
		38D0D9831CB4CE800099CC54 /* MapDemo */ = {
			isa = PBXGroup;
			children = (
				38D0D9871CB4CE800099CC54 /* AppDelegate.h */,
				38D0D9881CB4CE800099CC54 /* AppDelegate.m */,
				38D0DA041CB4CFEF0099CC54 /* ViewControllers */,
				38D0D99C1CB4CFB30099CC54 /* Framework */,
				38D0D99D1CB4CFB30099CC54 /* Helper */,
				38D0D9901CB4CE800099CC54 /* Assets.xcassets */,
				38D0D9921CB4CE800099CC54 /* LaunchScreen.storyboard */,
				38D0D9951CB4CE800099CC54 /* Info.plist */,
				38D0D9841CB4CE800099CC54 /* Supporting Files */,
			);
			path = MapDemo;
			sourceTree = "<group>";
		};
		38D0D9841CB4CE800099CC54 /* Supporting Files */ = {
			isa = PBXGroup;
			children = (
				38D0D9851CB4CE800099CC54 /* main.m */,
			);
			name = "Supporting Files";
			sourceTree = "<group>";
		};
		38D0D99C1CB4CFB30099CC54 /* Framework */ = {
			isa = PBXGroup;
			children = (
				38D0DA0B1CB4D09E0099CC54 /* libsqlite3.tbd */,
			);
			path = Framework;
			sourceTree = "<group>";
		};
		38D0D99D1CB4CFB30099CC54 /* Helper */ = {
			isa = PBXGroup;
			children = (
				38D0D99E1CB4CFB30099CC54 /* Database */,
				38D0D9A11CB4CFB30099CC54 /* defines.h */,
				38D0D9A21CB4CFB30099CC54 /* HUD */,
				38D0D9A51CB4CFB30099CC54 /* SDWebImageCatch */,
				38D0D9C31CB4CFB30099CC54 /* TPKeyboard */,
				38D0D9CC1CB4CFB30099CC54 /* WebService */,
			);
			path = Helper;
			sourceTree = "<group>";
		};
		38D0D99E1CB4CFB30099CC54 /* Database */ = {
			isa = PBXGroup;
			children = (
				38D0D99F1CB4CFB30099CC54 /* Database.h */,
				38D0D9A01CB4CFB30099CC54 /* Database.m */,
			);
			path = Database;
			sourceTree = "<group>";
		};
		38D0D9A21CB4CFB30099CC54 /* HUD */ = {
			isa = PBXGroup;
			children = (
				38D0D9A31CB4CFB30099CC54 /* MBProgressHUD.h */,
				38D0D9A41CB4CFB30099CC54 /* MBProgressHUD.m */,
			);
			path = HUD;
			sourceTree = "<group>";
		};
		38D0D9A51CB4CFB30099CC54 /* SDWebImageCatch */ = {
			isa = PBXGroup;
			children = (
				38D0D9A61CB4CFB30099CC54 /* MKAnnotationView+WebCache.h */,
				38D0D9A71CB4CFB30099CC54 /* MKAnnotationView+WebCache.m */,
				38D0D9A81CB4CFB30099CC54 /* NSData+GIF.h */,
				38D0D9A91CB4CFB30099CC54 /* NSData+GIF.m */,
				38D0D9AA1CB4CFB30099CC54 /* SDImageCache.h */,
				38D0D9AB1CB4CFB30099CC54 /* SDImageCache.m */,
				38D0D9AC1CB4CFB30099CC54 /* SDWebImageCompat.h */,
				38D0D9AD1CB4CFB30099CC54 /* SDWebImageCompat.m */,
				38D0D9AE1CB4CFB30099CC54 /* SDWebImageDecoder.h */,
				38D0D9AF1CB4CFB30099CC54 /* SDWebImageDecoder.m */,
				38D0D9B01CB4CFB30099CC54 /* SDWebImageDownloader.h */,
				38D0D9B11CB4CFB30099CC54 /* SDWebImageDownloader.m */,
				38D0D9B21CB4CFB30099CC54 /* SDWebImageDownloaderOperation.h */,
				38D0D9B31CB4CFB30099CC54 /* SDWebImageDownloaderOperation.m */,
				38D0D9B41CB4CFB30099CC54 /* SDWebImageManager.h */,
				38D0D9B51CB4CFB30099CC54 /* SDWebImageManager.m */,
				38D0D9B61CB4CFB30099CC54 /* SDWebImageOperation.h */,
				38D0D9B71CB4CFB30099CC54 /* SDWebImagePrefetcher.h */,
				38D0D9B81CB4CFB30099CC54 /* SDWebImagePrefetcher.m */,
				38D0D9B91CB4CFB30099CC54 /* UIButton+WebCache.h */,
				38D0D9BA1CB4CFB30099CC54 /* UIButton+WebCache.m */,
				38D0D9BB1CB4CFB30099CC54 /* UIImage+GIF.h */,
				38D0D9BC1CB4CFB30099CC54 /* UIImage+GIF.m */,
				38D0D9BD1CB4CFB30099CC54 /* UIImage+MultiFormat.h */,
				38D0D9BE1CB4CFB30099CC54 /* UIImage+MultiFormat.m */,
				38D0D9BF1CB4CFB30099CC54 /* UIImage+WebP.h */,
				38D0D9C01CB4CFB30099CC54 /* UIImage+WebP.m */,
				38D0D9C11CB4CFB30099CC54 /* UIImageView+WebCache.h */,
				38D0D9C21CB4CFB30099CC54 /* UIImageView+WebCache.m */,
			);
			path = SDWebImageCatch;
			sourceTree = "<group>";
		};
		38D0D9C31CB4CFB30099CC54 /* TPKeyboard */ = {
			isa = PBXGroup;
			children = (
				38D0D9C41CB4CFB30099CC54 /* TPKeyboardAvoidingCollectionView.h */,
				38D0D9C51CB4CFB30099CC54 /* TPKeyboardAvoidingCollectionView.m */,
				38D0D9C61CB4CFB30099CC54 /* TPKeyboardAvoidingScrollView.h */,
				38D0D9C71CB4CFB30099CC54 /* TPKeyboardAvoidingScrollView.m */,
				38D0D9C81CB4CFB30099CC54 /* TPKeyboardAvoidingTableView.h */,
				38D0D9C91CB4CFB30099CC54 /* TPKeyboardAvoidingTableView.m */,
				38D0D9CA1CB4CFB30099CC54 /* UIScrollView+TPKeyboardAvoidingAdditions.h */,
				38D0D9CB1CB4CFB30099CC54 /* UIScrollView+TPKeyboardAvoidingAdditions.m */,
			);
			path = TPKeyboard;
			sourceTree = "<group>";
		};
		38D0D9CC1CB4CFB30099CC54 /* WebService */ = {
			isa = PBXGroup;
			children = (
				38D0D9CD1CB4CFB30099CC54 /* AFNetworking */,
				38D0D9E11CB4CFB30099CC54 /* Reachability.h */,
				38D0D9E21CB4CFB30099CC54 /* Reachability.m */,
				38D0D9E31CB4CFB30099CC54 /* WebService.h */,
				38D0D9E41CB4CFB30099CC54 /* WebService.m */,
			);
			path = WebService;
			sourceTree = "<group>";
		};
		38D0D9CD1CB4CFB30099CC54 /* AFNetworking */ = {
			isa = PBXGroup;
			children = (
				38D0D9CE1CB4CFB30099CC54 /* AFHTTPRequestOperation.h */,
				38D0D9CF1CB4CFB30099CC54 /* AFHTTPRequestOperation.m */,
				38D0D9D01CB4CFB30099CC54 /* AFHTTPRequestOperationManager.h */,
				38D0D9D11CB4CFB30099CC54 /* AFHTTPRequestOperationManager.m */,
				38D0D9D21CB4CFB30099CC54 /* AFHTTPSessionManager.h */,
				38D0D9D31CB4CFB30099CC54 /* AFHTTPSessionManager.m */,
				38D0D9D41CB4CFB30099CC54 /* AFNetworking.h */,
				38D0D9D51CB4CFB30099CC54 /* AFNetworkReachabilityManager.h */,
				38D0D9D61CB4CFB30099CC54 /* AFNetworkReachabilityManager.m */,
				38D0D9D71CB4CFB30099CC54 /* AFSecurityPolicy.h */,
				38D0D9D81CB4CFB30099CC54 /* AFSecurityPolicy.m */,
				38D0D9D91CB4CFB30099CC54 /* AFURLConnectionOperation.h */,
				38D0D9DA1CB4CFB30099CC54 /* AFURLConnectionOperation.m */,
				38D0D9DB1CB4CFB30099CC54 /* AFURLRequestSerialization.h */,
				38D0D9DC1CB4CFB30099CC54 /* AFURLRequestSerialization.m */,
				38D0D9DD1CB4CFB30099CC54 /* AFURLResponseSerialization.h */,
				38D0D9DE1CB4CFB30099CC54 /* AFURLResponseSerialization.m */,
				38D0D9DF1CB4CFB30099CC54 /* AFURLSessionManager.h */,
				38D0D9E01CB4CFB30099CC54 /* AFURLSessionManager.m */,
			);
			path = AFNetworking;
			sourceTree = "<group>";
		};
		38D0DA041CB4CFEF0099CC54 /* ViewControllers */ = {
			isa = PBXGroup;
			children = (
				38D0DA051CB4D0260099CC54 /* Home VC */,
			);
			path = ViewControllers;
			sourceTree = "<group>";
		};
		38D0DA051CB4D0260099CC54 /* Home VC */ = {
			isa = PBXGroup;
			children = (
				38D0DA061CB4D0420099CC54 /* HomeVC.h */,
				38D0DA071CB4D0420099CC54 /* HomeVC.m */,
				38D0DA081CB4D0420099CC54 /* HomeVC.xib */,
			);
			path = "Home VC";
			sourceTree = "<group>";
		};
/* End PBXGroup section */

/* Begin PBXNativeTarget section */
		38D0D9801CB4CE800099CC54 /* MapDemo */ = {
			isa = PBXNativeTarget;
			buildConfigurationList = 38D0D9981CB4CE800099CC54 /* Build configuration list for PBXNativeTarget "MapDemo" */;
			buildPhases = (
				38D0D97D1CB4CE800099CC54 /* Sources */,
				38D0D97E1CB4CE800099CC54 /* Frameworks */,
				38D0D97F1CB4CE800099CC54 /* Resources */,
			);
			buildRules = (
			);
			dependencies = (
			);
			name = MapDemo;
			productName = MapDemo;
			productReference = 38D0D9811CB4CE800099CC54 /* MapDemo.app */;
			productType = "com.apple.product-type.application";
		};
/* End PBXNativeTarget section */

/* Begin PBXProject section */
		38D0D9791CB4CE800099CC54 /* Project object */ = {
			isa = PBXProject;
			attributes = {
				LastUpgradeCheck = 0730;
				ORGANIZATIONNAME = "Jayesh Patel";
				TargetAttributes = {
					38D0D9801CB4CE800099CC54 = {
						CreatedOnToolsVersion = 7.3;
					};
				};
			};
			buildConfigurationList = 38D0D97C1CB4CE800099CC54 /* Build configuration list for PBXProject "MapDemo" */;
			compatibilityVersion = "Xcode 3.2";
			developmentRegion = English;
			hasScannedForEncodings = 0;
			knownRegions = (
				en,
				Base,
			);
			mainGroup = 38D0D9781CB4CE7F0099CC54;
			productRefGroup = 38D0D9821CB4CE800099CC54 /* Products */;
			projectDirPath = "";
			projectRoot = "";
			targets = (
				38D0D9801CB4CE800099CC54 /* MapDemo */,
			);
		};
/* End PBXProject section */

/* Begin PBXResourcesBuildPhase section */
		38D0D97F1CB4CE800099CC54 /* Resources */ = {
			isa = PBXResourcesBuildPhase;
			buildActionMask = 2147483647;
			files = (
				38D0D9941CB4CE800099CC54 /* LaunchScreen.storyboard in Resources */,
				38D0DA0A1CB4D0420099CC54 /* HomeVC.xib in Resources */,
				38D0D9911CB4CE800099CC54 /* Assets.xcassets in Resources */,
			);
			runOnlyForDeploymentPostprocessing = 0;
		};
/* End PBXResourcesBuildPhase section */

/* Begin PBXSourcesBuildPhase section */
		38D0D97D1CB4CE800099CC54 /* Sources */ = {
			isa = PBXSourcesBuildPhase;
			buildActionMask = 2147483647;
			files = (
				38D0D9FE1CB4CFB30099CC54 /* AFURLConnectionOperation.m in Sources */,
				38D0D9F21CB4CFB30099CC54 /* UIImage+MultiFormat.m in Sources */,
				38D0D9F61CB4CFB30099CC54 /* TPKeyboardAvoidingScrollView.m in Sources */,
				38D0D9F91CB4CFB30099CC54 /* AFHTTPRequestOperation.m in Sources */,
				38D0DA001CB4CFB30099CC54 /* AFURLResponseSerialization.m in Sources */,
				38D0D9F51CB4CFB30099CC54 /* TPKeyboardAvoidingCollectionView.m in Sources */,
				38D0D9ED1CB4CFB30099CC54 /* SDWebImageDownloaderOperation.m in Sources */,
				38D0D9891CB4CE800099CC54 /* AppDelegate.m in Sources */,
				38D0D9F81CB4CFB30099CC54 /* UIScrollView+TPKeyboardAvoidingAdditions.m in Sources */,
				38D0D9EA1CB4CFB30099CC54 /* SDWebImageCompat.m in Sources */,
				38D0D9F11CB4CFB30099CC54 /* UIImage+GIF.m in Sources */,
				38D0D9EF1CB4CFB30099CC54 /* SDWebImagePrefetcher.m in Sources */,
				38D0DA031CB4CFB30099CC54 /* WebService.m in Sources */,
				38D0DA091CB4D0420099CC54 /* HomeVC.m in Sources */,
				38D0D9FD1CB4CFB30099CC54 /* AFSecurityPolicy.m in Sources */,
				38D0DA011CB4CFB30099CC54 /* AFURLSessionManager.m in Sources */,
				38D0D9E81CB4CFB30099CC54 /* NSData+GIF.m in Sources */,
				38D0D9F71CB4CFB30099CC54 /* TPKeyboardAvoidingTableView.m in Sources */,
				38D0D9FB1CB4CFB30099CC54 /* AFHTTPSessionManager.m in Sources */,
				38D0D9E51CB4CFB30099CC54 /* Database.m in Sources */,
				38D0D9FC1CB4CFB30099CC54 /* AFNetworkReachabilityManager.m in Sources */,
				38D0D9F31CB4CFB30099CC54 /* UIImage+WebP.m in Sources */,
				38D0D9FA1CB4CFB30099CC54 /* AFHTTPRequestOperationManager.m in Sources */,
				38D0D9FF1CB4CFB30099CC54 /* AFURLRequestSerialization.m in Sources */,
				38D0D9EC1CB4CFB30099CC54 /* SDWebImageDownloader.m in Sources */,
				38D0D9F01CB4CFB30099CC54 /* UIButton+WebCache.m in Sources */,
				38D0D9861CB4CE800099CC54 /* main.m in Sources */,
				38D0D9E71CB4CFB30099CC54 /* MKAnnotationView+WebCache.m in Sources */,
				38D0DA021CB4CFB30099CC54 /* Reachability.m in Sources */,
				38D0D9E61CB4CFB30099CC54 /* MBProgressHUD.m in Sources */,
				38D0D9F41CB4CFB30099CC54 /* UIImageView+WebCache.m in Sources */,
				38D0D9EE1CB4CFB30099CC54 /* SDWebImageManager.m in Sources */,
				38D0D9EB1CB4CFB30099CC54 /* SDWebImageDecoder.m in Sources */,
				38D0D9E91CB4CFB30099CC54 /* SDImageCache.m in Sources */,
			);
			runOnlyForDeploymentPostprocessing = 0;
		};
/* End PBXSourcesBuildPhase section */

/* Begin PBXVariantGroup section */
		38D0D9921CB4CE800099CC54 /* LaunchScreen.storyboard */ = {
			isa = PBXVariantGroup;
			children = (
				38D0D9931CB4CE800099CC54 /* Base */,
			);
			name = LaunchScreen.storyboard;
			sourceTree = "<group>";
		};
/* End PBXVariantGroup section */

/* Begin XCBuildConfiguration section */
		38D0D9961CB4CE800099CC54 /* Debug */ = {
			isa = XCBuildConfiguration;
			buildSettings = {
				ALWAYS_SEARCH_USER_PATHS = NO;
				CLANG_ANALYZER_NONNULL = YES;
				CLANG_CXX_LANGUAGE_STANDARD = "gnu++0x";
				CLANG_CXX_LIBRARY = "libc++";
				CLANG_ENABLE_MODULES = YES;
				CLANG_ENABLE_OBJC_ARC = YES;
				CLANG_WARN_BOOL_CONVERSION = YES;
				CLANG_WARN_CONSTANT_CONVERSION = YES;
				CLANG_WARN_DIRECT_OBJC_ISA_USAGE = YES_ERROR;
				CLANG_WARN_EMPTY_BODY = YES;
				CLANG_WARN_ENUM_CONVERSION = YES;
				CLANG_WARN_INT_CONVERSION = YES;
				CLANG_WARN_OBJC_ROOT_CLASS = YES_ERROR;
				CLANG_WARN_UNREACHABLE_CODE = YES;
				CLANG_WARN__DUPLICATE_METHOD_MATCH = YES;
				"CODE_SIGN_IDENTITY[sdk=iphoneos*]" = "iPhone Developer";
				COPY_PHASE_STRIP = NO;
				DEBUG_INFORMATION_FORMAT = dwarf;
				ENABLE_STRICT_OBJC_MSGSEND = YES;
				ENABLE_TESTABILITY = YES;
				GCC_C_LANGUAGE_STANDARD = gnu99;
				GCC_DYNAMIC_NO_PIC = NO;
				GCC_NO_COMMON_BLOCKS = YES;
				GCC_OPTIMIZATION_LEVEL = 0;
				GCC_PREFIX_HEADER = "$(PROJECT_DIR)/MapDemo.pch";
				GCC_PREPROCESSOR_DEFINITIONS = (
					"DEBUG=1",
					"$(inherited)",
				);
				GCC_WARN_64_TO_32_BIT_CONVERSION = YES;
				GCC_WARN_ABOUT_RETURN_TYPE = YES_ERROR;
				GCC_WARN_UNDECLARED_SELECTOR = YES;
				GCC_WARN_UNINITIALIZED_AUTOS = YES_AGGRESSIVE;
				GCC_WARN_UNUSED_FUNCTION = YES;
				GCC_WARN_UNUSED_VARIABLE = YES;
				IPHONEOS_DEPLOYMENT_TARGET = 9.3;
				MTL_ENABLE_DEBUG_INFO = YES;
				ONLY_ACTIVE_ARCH = YES;
				SDKROOT = iphoneos;
				TARGETED_DEVICE_FAMILY = "1,2";
			};
			name = Debug;
		};
		38D0D9971CB4CE800099CC54 /* Release */ = {
			isa = XCBuildConfiguration;
			buildSettings = {
				ALWAYS_SEARCH_USER_PATHS = NO;
				CLANG_ANALYZER_NONNULL = YES;
				CLANG_CXX_LANGUAGE_STANDARD = "gnu++0x";
				CLANG_CXX_LIBRARY = "libc++";
				CLANG_ENABLE_MODULES = YES;
				CLANG_ENABLE_OBJC_ARC = YES;
				CLANG_WARN_BOOL_CONVERSION = YES;
				CLANG_WARN_CONSTANT_CONVERSION = YES;
				CLANG_WARN_DIRECT_OBJC_ISA_USAGE = YES_ERROR;
				CLANG_WARN_EMPTY_BODY = YES;
				CLANG_WARN_ENUM_CONVERSION = YES;
				CLANG_WARN_INT_CONVERSION = YES;
				CLANG_WARN_OBJC_ROOT_CLASS = YES_ERROR;
				CLANG_WARN_UNREACHABLE_CODE = YES;
				CLANG_WARN__DUPLICATE_METHOD_MATCH = YES;
				"CODE_SIGN_IDENTITY[sdk=iphoneos*]" = "iPhone Developer";
				COPY_PHASE_STRIP = NO;
				DEBUG_INFORMATION_FORMAT = "dwarf-with-dsym";
				ENABLE_NS_ASSERTIONS = NO;
				ENABLE_STRICT_OBJC_MSGSEND = YES;
				GCC_C_LANGUAGE_STANDARD = gnu99;
				GCC_NO_COMMON_BLOCKS = YES;
				GCC_PREFIX_HEADER = "$(PROJECT_DIR)/MapDemo.pch";
				GCC_WARN_64_TO_32_BIT_CONVERSION = YES;
				GCC_WARN_ABOUT_RETURN_TYPE = YES_ERROR;
				GCC_WARN_UNDECLARED_SELECTOR = YES;
				GCC_WARN_UNINITIALIZED_AUTOS = YES_AGGRESSIVE;
				GCC_WARN_UNUSED_FUNCTION = YES;
				GCC_WARN_UNUSED_VARIABLE = YES;
				IPHONEOS_DEPLOYMENT_TARGET = 9.3;
				MTL_ENABLE_DEBUG_INFO = NO;
				SDKROOT = iphoneos;
				TARGETED_DEVICE_FAMILY = "1,2";
				VALIDATE_PRODUCT = YES;
			};
			name = Release;
		};
		38D0D9991CB4CE800099CC54 /* Debug */ = {
			isa = XCBuildConfiguration;
			buildSettings = {
				ASSETCATALOG_COMPILER_APPICON_NAME = AppIcon;
				GCC_PREFIX_HEADER = "$(PROJECT_DIR)/MapDemo.pch";
				INFOPLIST_FILE = MapDemo/Info.plist;
				IPHONEOS_DEPLOYMENT_TARGET = 8.0;
				LD_RUNPATH_SEARCH_PATHS = "$(inherited) @executable_path/Frameworks";
				PRODUCT_BUNDLE_IDENTIFIER = com.vrinsoft.MapDemo;
				PRODUCT_NAME = "$(TARGET_NAME)";
			};
			name = Debug;
		};
		38D0D99A1CB4CE800099CC54 /* Release */ = {
			isa = XCBuildConfiguration;
			buildSettings = {
				ASSETCATALOG_COMPILER_APPICON_NAME = AppIcon;
				GCC_PREFIX_HEADER = "$(PROJECT_DIR)/MapDemo.pch";
				INFOPLIST_FILE = MapDemo/Info.plist;
				IPHONEOS_DEPLOYMENT_TARGET = 8.0;
				LD_RUNPATH_SEARCH_PATHS = "$(inherited) @executable_path/Frameworks";
				PRODUCT_BUNDLE_IDENTIFIER = com.vrinsoft.MapDemo;
				PRODUCT_NAME = "$(TARGET_NAME)";
			};
			name = Release;
		};
/* End XCBuildConfiguration section */

/* Begin XCConfigurationList section */
		38D0D97C1CB4CE800099CC54 /* Build configuration list for PBXProject "MapDemo" */ = {
			isa = XCConfigurationList;
			buildConfigurations = (
				38D0D9961CB4CE800099CC54 /* Debug */,
				38D0D9971CB4CE800099CC54 /* Release */,
			);
			defaultConfigurationIsVisible = 0;
			defaultConfigurationName = Release;
		};
		38D0D9981CB4CE800099CC54 /* Build configuration list for PBXNativeTarget "MapDemo" */ = {
			isa = XCConfigurationList;
			buildConfigurations = (
				38D0D9991CB4CE800099CC54 /* Debug */,
				38D0D99A1CB4CE800099CC54 /* Release */,
			);
			defaultConfigurationIsVisible = 0;
		};
/* End XCConfigurationList section */
	};
	rootObject = 38D0D9791CB4CE800099CC54 /* Project object */;
}
